{
  "version": "5",
  "specifiers": {
    "npm:@electric-sql/pglite@0.5.8": "0.5.8"
  },
  "npm": {
    "@electric-sql/pglite@0.5.8": {
      "integrity": "sha512-n9tsbUOhwx2epK1V0ZG9Ar4SHWUju04dhmzZXiSBXwBoleOvIfals33NAaWgagQVAL4Rbvx/Ptsu3P+pA09f6Q=="
    }
  },
  "workspace": {
    "packageJson": {
      "dependencies": [
        "npm:@aws-sdk/client-s3@^3.1139.0",
        "npm:@aws-sdk/s3-request-presigner@^3.1139.0",
        "npm:@napi-rs/canvas@^1.0.9",
        "npm:@supabase/supabase-js@^2.116.0",
        "npm:@types/canvas-confetti@^1.9.0",
        "npm:@types/node@^24.13.3",
        "npm:@types/react-dom@^19.2.7",
        "npm:@types/react@^19.2.18",
        "npm:@vitejs/plugin-react@^6.1.1",
        "npm:autoprefixer@^10.6.1",
        "npm:canvas-confetti@^1.9.4",
        "npm:framer-motion@^13.4.0",
        "npm:heic2any@^0.0.4",
        "npm:lucide-react@^1.47.0",
        "npm:oxlint@^1.81.0",
        "npm:pdfjs-dist@^6.3.289",
        "npm:postcss@^8.5.28",
        "npm:puppeteer-core@^25.12.0",
        "npm:react-dom@^19.2.8",
        "npm:react@^19.2.8",
        "npm:tailwindcss@^3.4.19",
        "npm:typescript@~6.0.2",
        "npm:vite@^8.3.0",
        "npm:web-push@^3.6.7"
      ]
    }
  }
}
